
Microsoft Visual Studio Solution File, Format Version 12.00
# Visual Studio 15
VisualStudioVersion = 15.0.26403.7
MinimumVisualStudioVersion = 10.0.40219.1
Project("{FAE04EC0-301F-11D3-BF4B-00C04F79EFBC}") = "Models", "Models\Models.csproj", "{692AAE58-7669-4833-8E57-F86743280E77}"
EndProject
Project("{FAE04EC0-301F-11D3-BF4B-00C04F79EFBC}") = "DemoWeb", "..\DemoWeb\DemoWeb.csproj", "{1683D907-7162-4F49-AB7E-AB2CFC3AC074}"
EndProject
Global
	GlobalSection(SolutionConfigurationPlatforms) = preSolution
		Debug|Any CPU = Debug|Any CPU
		Release|Any CPU = Release|Any CPU
	EndGlobalSection
	GlobalSection(ProjectConfigurationPlatforms) = postSolution
		{692AAE58-7669-4833-8E57-F86743280E77}.Debug|Any CPU.ActiveCfg = Debug|Any CPU
		{692AAE58-7669-4833-8E57-F86743280E77}.Debug|Any CPU.Build.0 = Debug|Any CPU
		{692AAE58-7669-4833-8E57-F86743280E77}.Release|Any CPU.ActiveCfg = Release|Any CPU
		{692AAE58-7669-4833-8E57-F86743280E77}.Release|Any CPU.Build.0 = Release|Any CPU
		{1683D907-7162-4F49-AB7E-AB2CFC3AC074}.Debug|Any CPU.ActiveCfg = Debug|Any CPU
		{1683D907-7162-4F49-AB7E-AB2CFC3AC074}.Debug|Any CPU.Build.0 = Debug|Any CPU
		{1683D907-7162-4F49-AB7E-AB2CFC3AC074}.Release|Any CPU.ActiveCfg = Release|Any CPU
		{1683D907-7162-4F49-AB7E-AB2CFC3AC074}.Release|Any CPU.Build.0 = Release|Any CPU
	EndGlobalSection
	GlobalSection(SolutionProperties) = preSolution
		HideSolutionNode = FALSE
	EndGlobalSection
EndGlobal
